
Microsoft Visual Studio Solution File, Format Version 12.00
# Visual Studio Version 16
VisualStudioVersion = 16.0.30621.155
MinimumVisualStudioVersion = 10.0.40219.1
Project("{FAE04EC0-301F-11D3-BF4B-00C04F79EFBC}") = "Vidly", "Vidly\Vidly.csproj", "{18833C8A-CE28-4F1C-A949-D6251C2B052A}"
EndProject
Global
	GlobalSection(SolutionConfigurationPlatforms) = preSolution
		Debug|Any CPU = Debug|Any CPU
		Release|Any CPU = Release|Any CPU
	EndGlobalSection
	GlobalSection(ProjectConfigurationPlatforms) = postSolution
		{18833C8A-CE28-4F1C-A949-D6251C2B052A}.Debug|Any CPU.ActiveCfg = Debug|Any CPU
		{18833C8A-CE28-4F1C-A949-D6251C2B052A}.Debug|Any CPU.Build.0 = Debug|Any CPU
		{18833C8A-CE28-4F1C-A949-D6251C2B052A}.Release|Any CPU.ActiveCfg = Release|Any CPU
		{18833C8A-CE28-4F1C-A949-D6251C2B052A}.Release|Any CPU.Build.0 = Release|Any CPU
	EndGlobalSection
	GlobalSection(SolutionProperties) = preSolution
		HideSolutionNode = FALSE
	EndGlobalSection
	GlobalSection(ExtensibilityGlobals) = postSolution
		SolutionGuid = {8EC5201F-071E-4BC8-AFB2-79CDA9492EF6}
	EndGlobalSection
EndGlobal
